
Microsoft Visual Studio Solution File, Format Version 12.00
# Visual Studio Version 17
VisualStudioVersion = 17.3.32929.385
MinimumVisualStudioVersion = 10.0.40219.1
Project("{9A19103F-16F7-4668-BE54-9A1E7A4F7556}") = "Scraper", "Scraper\Scraper.csproj", "{FCA58418-69EE-4696-895D-E8AA58FF8E3A}"
EndProject
Project("{9A19103F-16F7-4668-BE54-9A1E7A4F7556}") = "TemuPuppeteer", "TemuPuppeteer\TemuPuppeteer.csproj", "{3B69F69D-663E-4E79-8895-F3B4AEF14129}"
EndProject
Project("{FAE04EC0-301F-11D3-BF4B-00C04F79EFBC}") = "TemuSelenium", "TemuSelenium\TemuSelenium.csproj", "{1ACA1628-AE05-42D0-A5AE-212D5F095250}"
EndProject
Global
	GlobalSection(SolutionConfigurationPlatforms) = preSolution
		Debug|Any CPU = Debug|Any CPU
		Release|Any CPU = Release|Any CPU
	EndGlobalSection
	GlobalSection(ProjectConfigurationPlatforms) = postSolution
		{FCA58418-69EE-4696-895D-E8AA58FF8E3A}.Debug|Any CPU.ActiveCfg = Debug|Any CPU
		{FCA58418-69EE-4696-895D-E8AA58FF8E3A}.Debug|Any CPU.Build.0 = Debug|Any CPU
		{FCA58418-69EE-4696-895D-E8AA58FF8E3A}.Release|Any CPU.ActiveCfg = Release|Any CPU
		{FCA58418-69EE-4696-895D-E8AA58FF8E3A}.Release|Any CPU.Build.0 = Release|Any CPU
		{3B69F69D-663E-4E79-8895-F3B4AEF14129}.Debug|Any CPU.ActiveCfg = Debug|Any CPU
		{3B69F69D-663E-4E79-8895-F3B4AEF14129}.Debug|Any CPU.Build.0 = Debug|Any CPU
		{3B69F69D-663E-4E79-8895-F3B4AEF14129}.Release|Any CPU.ActiveCfg = Release|Any CPU
		{3B69F69D-663E-4E79-8895-F3B4AEF14129}.Release|Any CPU.Build.0 = Release|Any CPU
		{1ACA1628-AE05-42D0-A5AE-212D5F095250}.Debug|Any CPU.ActiveCfg = Debug|Any CPU
		{1ACA1628-AE05-42D0-A5AE-212D5F095250}.Debug|Any CPU.Build.0 = Debug|Any CPU
		{1ACA1628-AE05-42D0-A5AE-212D5F095250}.Release|Any CPU.ActiveCfg = Release|Any CPU
		{1ACA1628-AE05-42D0-A5AE-212D5F095250}.Release|Any CPU.Build.0 = Release|Any CPU
	EndGlobalSection
	GlobalSection(SolutionProperties) = preSolution
		HideSolutionNode = FALSE
	EndGlobalSection
	GlobalSection(ExtensibilityGlobals) = postSolution
		SolutionGuid = {627FA65B-1CD4-4E8D-8AF2-9BEB39C20803}
	EndGlobalSection
EndGlobal
